
Microsoft Visual Studio Solution File, Format Version 12.00
# Visual Studio Version 17
VisualStudioVersion = 17.5.002.0
MinimumVisualStudioVersion = 10.0.40219.1
Project("{9A19103F-16F7-4668-BE54-9A1E7A4F7556}") = "Exercicio5App", "Exercicio5App.csproj", "{60FB7555-27B9-4332-AF61-53904B9E9B2D}"
EndProject
Global
	GlobalSection(SolutionConfigurationPlatforms) = preSolution
		Debug|Any CPU = Debug|Any CPU
		Release|Any CPU = Release|Any CPU
	EndGlobalSection
	GlobalSection(ProjectConfigurationPlatforms) = postSolution
		{60FB7555-27B9-4332-AF61-53904B9E9B2D}.Debug|Any CPU.ActiveCfg = Debug|Any CPU
		{60FB7555-27B9-4332-AF61-53904B9E9B2D}.Debug|Any CPU.Build.0 = Debug|Any CPU
		{60FB7555-27B9-4332-AF61-53904B9E9B2D}.Release|Any CPU.ActiveCfg = Release|Any CPU
		{60FB7555-27B9-4332-AF61-53904B9E9B2D}.Release|Any CPU.Build.0 = Release|Any CPU
	EndGlobalSection
	GlobalSection(SolutionProperties) = preSolution
		HideSolutionNode = FALSE
	EndGlobalSection
	GlobalSection(ExtensibilityGlobals) = postSolution
		SolutionGuid = {823BFC8E-692D-4FF4-8F10-F0A0C7D0E5B7}
	EndGlobalSection
EndGlobal
